{
    "_meta": {
        "hash": {
            "sha256": "c9b27bef73176390848a0b60eae6e4cdc2804454c573f7ee20f63a10f519c852"
        },
        "pipfile-spec": 6,
        "requires": {
            "python_version": "3.7"
        },
        "sources": [
            {
                "name": "pypi",
                "url": "https://pypi.org/simple",
                "verify_ssl": true
            }
        ]
    },
    "default": {
        "asn1crypto": {
            "hashes": [
                "sha256:2f1adbb7546ed199e3c90ef23ec95c5cf3585bac7d11fb7eb562a3fe89c64e87",
                "sha256:9d5c20441baf0cb60a4ac34cc447c6c189024b6b4c6cd7877034f4965c464e49"
            ],
            "index": "pypi",
            "version": "==0.24.0"
        },
        "certifi": {
            "hashes": [
                "sha256:35824b4c3a97115964b408844d64aa14db1cc518f6562e8d7261699d1350a9e3",
                "sha256:4ad3232f5e926d6718ec31cfc1fcadfde020920e278684144551c91769c7bc18"
            ],
            "index": "pypi",
            "version": "==2022.12.7"
        },
        "cffi": {
            "hashes": [
                "sha256:041c81822e9f84b1d9c401182e174996f0bae9991f33725d059b771744290774",
                "sha256:046ef9a22f5d3eed06334d01b1e836977eeef500d9b78e9ef693f9380ad0b83d",
                "sha256:066bc4c7895c91812eff46f4b1c285220947d4aa46fa0a2651ff85f2afae9c90",
                "sha256:066c7ff148ae33040c01058662d6752fd73fbc8e64787229ea8498c7d7f4041b",
                "sha256:2444d0c61f03dcd26dbf7600cf64354376ee579acad77aef459e34efcb438c63",
                "sha256:300832850b8f7967e278870c5d51e3819b9aad8f0a2c8dbe39ab11f119237f45",
                "sha256:34c77afe85b6b9e967bd8154e3855e847b70ca42043db6ad17f26899a3df1b25",
                "sha256:46de5fa00f7ac09f020729148ff632819649b3e05a007d286242c4882f7b1dc3",
                "sha256:4aa8ee7ba27c472d429b980c51e714a24f47ca296d53f4d7868075b175866f4b",
                "sha256:4d0004eb4351e35ed950c14c11e734182591465a33e960a4ab5e8d4f04d72647",
                "sha256:4e3d3f31a1e202b0f5a35ba3bc4eb41e2fc2b11c1eff38b362de710bcffb5016",
                "sha256:50bec6d35e6b1aaeb17f7c4e2b9374ebf95a8975d57863546fa83e8d31bdb8c4",
                "sha256:55cad9a6df1e2a1d62063f79d0881a414a906a6962bc160ac968cc03ed3efcfb",
                "sha256:5662ad4e4e84f1eaa8efce5da695c5d2e229c563f9d5ce5b0113f71321bcf753",
                "sha256:59b4dc008f98fc6ee2bb4fd7fc786a8d70000d058c2bbe2698275bc53a8d3fa7",
                "sha256:73e1ffefe05e4ccd7bcea61af76f36077b914f92b76f95ccf00b0c1b9186f3f9",
                "sha256:a1f0fd46eba2d71ce1589f7e50a9e2ffaeb739fb2c11e8192aa2b45d5f6cc41f",
                "sha256:a2e85dc204556657661051ff4bab75a84e968669765c8a2cd425918699c3d0e8",
                "sha256:a5457d47dfff24882a21492e5815f891c0ca35fefae8aa742c6c263dac16ef1f",
                "sha256:a8dccd61d52a8dae4a825cdbb7735da530179fea472903eb871a5513b5abbfdc",
                "sha256:ae61af521ed676cf16ae94f30fe202781a38d7178b6b4ab622e4eec8cefaff42",
                "sha256:b012a5edb48288f77a63dba0840c92d0504aa215612da4541b7b42d849bc83a3",
                "sha256:d2c5cfa536227f57f97c92ac30c8109688ace8fa4ac086d19d0af47d134e2909",
                "sha256:d42b5796e20aacc9d15e66befb7a345454eef794fdb0737d1af593447c6c8f45",
                "sha256:dee54f5d30d775f525894d67b1495625dd9322945e7fee00731952e0368ff42d",
                "sha256:e070535507bd6aa07124258171be2ee8dfc19119c28ca94c9dfb7efd23564512",
                "sha256:e1ff2748c84d97b065cc95429814cdba39bcbd77c9c85c89344b317dc0d9cbff",
                "sha256:ed851c75d1e0e043cbf5ca9a8e1b13c4c90f3fbd863dacb01c0808e2b5204201"
            ],
            "index": "pypi",
            "version": "==1.12.3"
        },
        "chardet": {
            "hashes": [
                "sha256:84ab92ed1c4d4f16916e05906b6b75a6c0fb5db821cc65e70cbd64a3e2a5eaae",
                "sha256:fc323ffcaeaed0e0a02bf4d117757b98aed530d9ed4531e3e15460124c106691"
            ],
            "index": "pypi",
            "version": "==3.0.4"
        },
        "cryptography": {
            "hashes": [
                "sha256:24b61e5fcb506424d3ec4e18bca995833839bf13c59fc43e530e488f28d46b8c",
                "sha256:25dd1581a183e9e7a806fe0543f485103232f940fcfc301db65e630512cce643",
                "sha256:3452bba7c21c69f2df772762be0066c7ed5dc65df494a1d53a58b683a83e1216",
                "sha256:41a0be220dd1ed9e998f5891948306eb8c812b512dc398e5a01846d855050799",
                "sha256:5751d8a11b956fbfa314f6553d186b94aa70fdb03d8a4d4f1c82dcacf0cbe28a",
                "sha256:5f61c7d749048fa6e3322258b4263463bfccefecb0dd731b6561cb617a1d9bb9",
                "sha256:72e24c521fa2106f19623a3851e9f89ddfdeb9ac63871c7643790f872a305dfc",
                "sha256:7b97ae6ef5cba2e3bb14256625423413d5ce8d1abb91d4f29b6d1a081da765f8",
                "sha256:961e886d8a3590fd2c723cf07be14e2a91cf53c25f02435c04d39e90780e3b53",
                "sha256:96d8473848e984184b6728e2c9d391482008646276c3ff084a1bd89e15ff53a1",
                "sha256:ae536da50c7ad1e002c3eee101871d93abdc90d9c5f651818450a0d3af718609",
                "sha256:b0db0cecf396033abb4a93c95d1602f268b3a68bb0a9cc06a7cff587bb9a7292",
                "sha256:cfee9164954c186b191b91d4193989ca994703b2fff406f71cf454a2d3c7327e",
                "sha256:e6347742ac8f35ded4a46ff835c60e68c22a536a8ae5c4422966d06946b6d4c6",
                "sha256:f27d93f0139a3c056172ebb5d4f9056e770fdf0206c2f422ff2ebbad142e09ed",
                "sha256:f57b76e46a58b63d1c6375017f4564a28f19a5ca912691fd2e4261b3414b618d"
            ],
            "index": "pypi",
            "version": "==2.7"
        },
        "defusedxml": {
            "hashes": [
                "sha256:6687150770438374ab581bb7a1b327a847dd9c5749e396102de3fad4e8a3ef93",
                "sha256:f684034d135af4c6cbb949b8a4d2ed61634515257a67299e5f940fbaa34377f5"
            ],
            "index": "pypi",
            "version": "==0.6.0"
        },
        "dj-database-url": {
            "hashes": [
                "sha256:4aeaeb1f573c74835b0686a2b46b85990571159ffc21aa57ecd4d1e1cb334163",
                "sha256:851785365761ebe4994a921b433062309eb882fedd318e1b0fcecc607ed02da9"
            ],
            "index": "pypi",
            "version": "==0.5.0"
        },
        "django": {
            "hashes": [
                "sha256:148a4a2d1a85b23883b0a4e99ab7718f518a83675e4485e44dc0c1d36988c5fa",
                "sha256:deb70aa038e59b58593673b15e9a711d1e5ccd941b5973b30750d5d026abfd56"
            ],
            "index": "pypi",
            "version": "==2.2.5"
        },
        "django-allauth": {
            "hashes": [
                "sha256:6a189fc4d3ee23596c3fd6e9f49c59b5b15618980118171a50675dd6a27cc589"
            ],
            "index": "pypi",
            "version": "==0.40.0"
        },
        "django-cors-headers": {
            "hashes": [
                "sha256:e4b12209b3a0bc577883fe0ac0aa3adac9e82742389f8ddb6c6b41c66b1e9c4f",
                "sha256:e69b1c909f2eddc7ef2a24f071583bc22b73b871731ea3370ac52b3318c43b3c"
            ],
            "index": "pypi",
            "version": "==3.1.0"
        },
        "django-heroku": {
            "hashes": [
                "sha256:2bc690aab89eedbe01311752320a9a12e7548e3b0ed102681acc5736a41a4762",
                "sha256:6af4bc3ae4a9b55eaad6dbe5164918982d2762661aebc9f83d9fa49f6009514e"
            ],
            "index": "pypi",
            "version": "==0.3.1"
        },
        "django-rest-api": {
            "hashes": [
                "sha256:a5b2ad35e37fc9c26ae3a31a8d2851b905745e4ba3977e64235500d9e371a2e0",
                "sha256:a8f1b33622a7c85f128a953e88679b2bb14ff8e9235eb408316ce104d559f8a3"
            ],
            "index": "pypi",
            "version": "==0.1.5"
        },
        "django-rest-auth": {
            "hashes": [
                "sha256:f11e12175dafeed772f50d740d22caeab27e99a3caca24ec65e66a8d6de16571"
            ],
            "index": "pypi",
            "version": "==0.9.5"
        },
        "djangorestframework": {
            "hashes": [
                "sha256:5488aed8f8df5ec1d70f04b2114abc52ae6729748a176c453313834a9ee179c8",
                "sha256:dc81cbf9775c6898a580f6f1f387c4777d12bd87abf0f5406018d32ccae71090"
            ],
            "index": "pypi",
            "version": "==3.10.3"
        },
        "gunicorn": {
            "hashes": [
                "sha256:aa8e0b40b4157b36a5df5e599f45c9c76d6af43845ba3b3b0efe2c70473c2471",
                "sha256:fa2662097c66f920f53f70621c6c58ca4a3c4d3434205e608e121b5b3b71f4f3"
            ],
            "index": "pypi",
            "version": "==19.9.0"
        },
        "idna": {
            "hashes": [
                "sha256:c357b3f628cf53ae2c4c05627ecc484553142ca23264e593d327bcde5e9c3407",
                "sha256:ea8b7f6188e6fa117537c3df7da9fc686d485087abf6ac197f9c46432f7e4a3c"
            ],
            "index": "pypi",
            "version": "==2.8"
        },
        "ndg-httpsclient": {
            "hashes": [
                "sha256:d2c7225f6a1c6cf698af4ebc962da70178a99bcde24ee6d1961c4f3338130d57",
                "sha256:d72faed0376ab039736c2ba12e30695e2788c4aa569c9c3e3d72131de2592210",
                "sha256:dd174c11d971b6244a891f7be2b32ca9853d3797a72edb34fa5d7b07d8fff7d4"
            ],
            "index": "pypi",
            "version": "==0.5.1"
        },
        "oauthlib": {
            "hashes": [
                "sha256:bee41cc35fcca6e988463cacc3bcb8a96224f470ca547e697b604cc697b2f889",
                "sha256:df884cd6cbe20e32633f1db1072e9356f53638e4361bef4e8b03c9127c9328ea"
            ],
            "index": "pypi",
            "version": "==3.1.0"
        },
        "psycopg2": {
            "hashes": [
                "sha256:128d0fa910ada0157bba1cb74a9c5f92bb8a1dca77cf91a31eb274d1f889e001",
                "sha256:227fd46cf9b7255f07687e5bde454d7d67ae39ca77e170097cdef8ebfc30c323",
                "sha256:2315e7f104681d498ccf6fd70b0dba5bce65d60ac92171492bfe228e21dcc242",
                "sha256:4b5417dcd2999db0f5a891d54717cfaee33acc64f4772c4bc574d4ff95ed9d80",
                "sha256:640113ddc943522aaf71294e3f2d24013b0edd659b7820621492c9ebd3a2fb0b",
                "sha256:897a6e838319b4bf648a574afb6cabcb17d0488f8c7195100d48d872419f4457",
                "sha256:8dceca81409898c870e011c71179454962dec152a1a6b86a347f4be74b16d864",
                "sha256:b1b8e41da09a0c3ef0b3d4bb72da0dde2abebe583c1e8462973233fd5ad0235f",
                "sha256:cb407fccc12fc29dc331f2b934913405fa49b9b75af4f3a72d0f50f57ad2ca23",
                "sha256:d3a27550a8185e53b244ad7e79e307594b92fede8617d80200a8cce1fba2c60f",
                "sha256:f0e6b697a975d9d3ccd04135316c947dd82d841067c7800ccf622a8717e98df1"
            ],
            "index": "pypi",
            "version": "==2.8.3"
        },
        "pusher": {
            "hashes": [
                "sha256:668df72fcf61f293313e29a29acd41cce233a45d445a97a9b21dd32ad09a2d17",
                "sha256:dc71715e8a6183d3cd33025af59b240e402aee576208df0752460f299ae1678f"
            ],
            "index": "pypi",
            "version": "==2.1.4"
        },
        "pyasn1": {
            "hashes": [
                "sha256:1321d4b2f051410fe7302bb1619903d30b24ba1451d019c11d242d11b2a35444",
                "sha256:2860a047f666afd23b197a65f33145313511c368ce919b2d9b1853ffd3e9d32d",
                "sha256:2919babd43b3b44247c23201b71072c0c65a636daa595cad5bcd276094dbfc2d",
                "sha256:437a23121602c0bb6c65320b27e31e334ffd73a9ca5c6c075b66b6270b1a8184",
                "sha256:5a89df3c62688261e27439d5715fd0d3ca6bf7bf1067e2171642e92aff17e817",
                "sha256:62cdade8b5530f0b185e09855dd422bc05c0bbff6b72ff61381c09dac7befd8c",
                "sha256:67a43aec85f4ea96e72a7b22227ba7a45cf03b7297e1a53418be164bbf68335e",
                "sha256:813b198c169e9442f340743f77093435bf3e1de8d1731f3abc45d44afba17556",
                "sha256:96c44b5604e7674e53e27fce98f3fc68821d9546151b98842c27b533122649da",
                "sha256:a9495356ca1d66ed197a0f72b41eb1823cf7ea8b5bd07191673e8147aecf8604",
                "sha256:bcac468e38d16e94fee4c8f76eef1feb9a06a911e93465f2351a4140fa66d303",
                "sha256:c39d11c72f0e5e71faa35c8c8ef5ee9b810ec99a3c64f05133f1325fe5636bba",
                "sha256:f124185ccc1c1c5e782aa58d46bc28be279673a482334d70de6735d05d8b4b10"
            ],
            "index": "pypi",
            "version": "==0.4.7"
        },
        "pycparser": {
            "hashes": [
                "sha256:a988718abfad80b6b157acce7bf130a30876d27603738ac39f140993246b25b3"
            ],
            "index": "pypi",
            "version": "==2.19"
        },
        "pynacl": {
            "hashes": [
                "sha256:05c26f93964373fc0abe332676cb6735f0ecad27711035b9472751faa8521255",
                "sha256:0c6100edd16fefd1557da078c7a31e7b7d7a52ce39fdca2bec29d4f7b6e7600c",
                "sha256:0d0a8171a68edf51add1e73d2159c4bc19fc0718e79dec51166e940856c2f28e",
                "sha256:1c780712b206317a746ace34c209b8c29dbfd841dfbc02aa27f2084dd3db77ae",
                "sha256:2424c8b9f41aa65bbdbd7a64e73a7450ebb4aa9ddedc6a081e7afcc4c97f7621",
                "sha256:2d23c04e8d709444220557ae48ed01f3f1086439f12dbf11976e849a4926db56",
                "sha256:30f36a9c70450c7878053fa1344aca0145fd47d845270b43a7ee9192a051bf39",
                "sha256:37aa336a317209f1bb099ad177fef0da45be36a2aa664507c5d72015f956c310",
                "sha256:4943decfc5b905748f0756fdd99d4f9498d7064815c4cf3643820c9028b711d1",
                "sha256:53126cd91356342dcae7e209f840212a58dcf1177ad52c1d938d428eebc9fee5",
                "sha256:57ef38a65056e7800859e5ba9e6091053cd06e1038983016effaffe0efcd594a",
                "sha256:5bd61e9b44c543016ce1f6aef48606280e45f892a928ca7068fba30021e9b786",
                "sha256:6482d3017a0c0327a49dddc8bd1074cc730d45db2ccb09c3bac1f8f32d1eb61b",
                "sha256:7d3ce02c0784b7cbcc771a2da6ea51f87e8716004512493a2b69016326301c3b",
                "sha256:a14e499c0f5955dcc3991f785f3f8e2130ed504fa3a7f44009ff458ad6bdd17f",
                "sha256:a39f54ccbcd2757d1d63b0ec00a00980c0b382c62865b61a505163943624ab20",
                "sha256:aabb0c5232910a20eec8563503c153a8e78bbf5459490c49ab31f6adf3f3a415",
                "sha256:bd4ecb473a96ad0f90c20acba4f0bf0df91a4e03a1f4dd6a4bdc9ca75aa3a715",
                "sha256:bf459128feb543cfca16a95f8da31e2e65e4c5257d2f3dfa8c0c1031139c9c92",
                "sha256:e2da3c13307eac601f3de04887624939aca8ee3c9488a0bb0eca4fb9401fc6b1",
                "sha256:f67814c38162f4deb31f68d590771a29d5ae3b1bd64b75cf232308e5c74777e0"
            ],
            "index": "pypi",
            "version": "==1.3.0"
        },
        "pyopenssl": {
            "hashes": [
                "sha256:aeca66338f6de19d1aa46ed634c3b9ae519a64b458f8468aec688e7e3c20f200",
                "sha256:c727930ad54b10fc157015014b666f2d8b41f70c0d03e83ab67624fd3dd5d1e6"
            ],
            "index": "pypi",
            "version": "==19.0.0"
        },
        "python-decouple": {
            "hashes": [
                "sha256:1317df14b43efee4337a4aa02914bf004f010cd56d6c4bd894e6474ec8c4fe2d"
            ],
            "index": "pypi",
            "version": "==3.1"
        },
        "python3-openid": {
            "hashes": [
                "sha256:0086da6b6ef3161cfe50fb1ee5cceaf2cda1700019fda03c2c5c440ca6abe4fa",
                "sha256:628d365d687e12da12d02c6691170f4451db28d6d68d050007e4a40065868502"
            ],
            "index": "pypi",
            "version": "==3.1.0"
        },
        "pytz": {
            "hashes": [
                "sha256:26c0b32e437e54a18161324a2fca3c4b9846b74a8dccddd843113109e1116b32",
                "sha256:c894d57500a4cd2d5c71114aaab77dbab5eabd9022308ce5ac9bb93a60a6f0c7"
            ],
            "index": "pypi",
            "version": "==2019.2"
        },
        "requests": {
            "hashes": [
                "sha256:11e007a8a2aa0323f5a921e9e6a2d7e4e67d9877e85773fba9ba6419025cbeb4",
                "sha256:9cf5292fcd0f598c671cfc1e0d7d1a7f13bb8085e9a590f48c010551dc6c4b31"
            ],
            "index": "pypi",
            "version": "==2.22.0"
        },
        "requests-oauthlib": {
            "hashes": [
                "sha256:bd6533330e8748e94bf0b214775fed487d309b8b8fe823dc45641ebcd9a32f57",
                "sha256:d3ed0c8f2e3bbc6b344fa63d6f933745ab394469da38db16bdddb461c7e25140",
                "sha256:dd5a0499abfefd087c6dd96693cbd5bfd28aa009719a7f85ab3fabe3956ef19a"
            ],
            "index": "pypi",
            "version": "==1.2.0"
        },
        "six": {
            "hashes": [
                "sha256:3350809f0555b11f552448330d0b52d5f24c91a322ea4a15ef22629740f3761c",
                "sha256:d16a0141ec1a18405cd4ce8b4613101da75da0e9a7aec5bdd4fa804d0e0eba73"
            ],
            "index": "pypi",
            "version": "==1.12.0"
        },
        "sqlparse": {
            "hashes": [
                "sha256:40afe6b8d4b1117e7dff5504d7a8ce07d9a1b15aeeade8a2d10f130a834f8177",
                "sha256:7c3dca29c022744e95b547e867cee89f4fce4373f3549ccd8797d8eb52cdb873"
            ],
            "index": "pypi",
            "version": "==0.3.0"
        },
        "urllib3": {
            "hashes": [
                "sha256:b246607a25ac80bedac05c6f282e3cdaf3afb65420fd024ac94435cabe6e18d1",
                "sha256:dbe59173209418ae49d485b87d1681aefa36252ee85884c31346debd19463232"
            ],
            "index": "pypi",
            "version": "==1.25.3"
        },
        "whitenoise": {
            "hashes": [
                "sha256:59d880d25d0e90bcc6554fe0504a11195bd2e59b3d690b6fb42a8040d4e67ef5",
                "sha256:c9b7c47fdc1dba4d37bf2787a01a844dc7a521e174fcd22a2d429e0be65e1782"
            ],
            "index": "pypi",
            "version": "==4.1.3"
        }
    },
    "develop": {
        "astroid": {
            "hashes": [
                "sha256:10e0ad5f7b79c435179d0d0f0df69998c4eef4597534aae44910db060baeb907",
                "sha256:1493fe8bd3dfd73dc35bd53c9d5b6e49ead98497c47b2307662556a5692d29d7"
            ],
            "markers": "python_full_version >= '3.7.2'",
            "version": "==2.12.13"
        },
        "entrypoints": {
            "hashes": [
                "sha256:589f874b313739ad35be6e0cd7efde2a4e9b6fea91edcc34e58ecbb8dbe56d19",
                "sha256:c70dd71abe5a8c85e55e12c19bd91ccfeec11a6e99044204511f9ed547d48451"
            ],
            "markers": "python_version >= '2.7'",
            "version": "==0.3"
        },
        "flake8": {
            "hashes": [
                "sha256:19241c1cbc971b9962473e4438a2ca19749a7dd002dd1a946eaba171b4114548",
                "sha256:8e9dfa3cecb2400b3738a42c54c3043e821682b9c840b0448c0503f781130696"
            ],
            "index": "pypi",
            "version": "==3.7.8"
        },
        "isort": {
            "hashes": [
                "sha256:54da7e92468955c4fceacd0c86bd0ec997b0e1ee80d97f67c35a78b719dccab1",
                "sha256:6e811fcb295968434526407adb8796944f1988c5b65e8139058f2014cbe100fd"
            ],
            "markers": "python_version >= '2.7' and python_version not in '3.0, 3.1, 3.2, 3.3'",
            "version": "==4.3.21"
        },
        "lazy-object-proxy": {
            "hashes": [
                "sha256:0c1c7c0433154bb7c54185714c6929acc0ba04ee1b167314a779b9025517eada",
                "sha256:14010b49a2f56ec4943b6cf925f597b534ee2fe1f0738c84b3bce0c1a11ff10d",
                "sha256:4e2d9f764f1befd8bdc97673261b8bb888764dfdbd7a4d8f55e4fbcabb8c3fb7",
                "sha256:4fd031589121ad46e293629b39604031d354043bb5cdf83da4e93c2d7f3389fe",
                "sha256:5b51d6f3bfeb289dfd4e95de2ecd464cd51982fe6f00e2be1d0bf94864d58acd",
                "sha256:6850e4aeca6d0df35bb06e05c8b934ff7c533734eb51d0ceb2d63696f1e6030c",
                "sha256:6f593f26c470a379cf7f5bc6db6b5f1722353e7bf937b8d0d0b3fba911998858",
                "sha256:71d9ae8a82203511a6f60ca5a1b9f8ad201cac0fc75038b2dc5fa519589c9288",
                "sha256:7e1561626c49cb394268edd00501b289053a652ed762c58e1081224c8d881cec",
                "sha256:8f6ce2118a90efa7f62dd38c7dbfffd42f468b180287b748626293bf12ed468f",
                "sha256:ae032743794fba4d171b5b67310d69176287b5bf82a21f588282406a79498891",
                "sha256:afcaa24e48bb23b3be31e329deb3f1858f1f1df86aea3d70cb5c8578bfe5261c",
                "sha256:b70d6e7a332eb0217e7872a73926ad4fdc14f846e85ad6749ad111084e76df25",
                "sha256:c219a00245af0f6fa4e95901ed28044544f50152840c5b6a3e7b2568db34d156",
                "sha256:ce58b2b3734c73e68f0e30e4e725264d4d6be95818ec0a0be4bb6bf9a7e79aa8",
                "sha256:d176f392dbbdaacccf15919c77f526edf11a34aece58b55ab58539807b85436f",
                "sha256:e20bfa6db17a39c706d24f82df8352488d2943a3b7ce7d4c22579cb89ca8896e",
                "sha256:eac3a9a5ef13b332c059772fd40b4b1c3d45a3a2b05e33a361dee48e54a4dad0",
                "sha256:eb329f8d8145379bf5dbe722182410fe8863d186e51bf034d2075eb8d85ee25b"
            ],
            "markers": "python_version >= '3.7'",
            "version": "==1.8.0"
        },
        "mccabe": {
            "hashes": [
                "sha256:ab8a6258860da4b6677da4bd2fe5dc2c659cff31b3ee4f7f5d64e79735b80d42",
                "sha256:dd8d182285a0fe56bace7f45b5e7d1a6ebcbf524e8f3bd87eb0f125271b8831f"
            ],
            "version": "==0.6.1"
        },
        "pycodestyle": {
            "hashes": [
                "sha256:95a2219d12372f05704562a14ec30bc76b05a5b297b21a5dfe3f6fac3491ae56",
                "sha256:e40a936c9a450ad81df37f549d676d127b1b66000a6c500caa2b085bc0ca976c"
            ],
            "markers": "python_version >= '2.7' and python_version not in '3.0, 3.1, 3.2, 3.3'",
            "version": "==2.5.0"
        },
        "pyflakes": {
            "hashes": [
                "sha256:17dbeb2e3f4d772725c777fabc446d5634d1038f234e77343108ce445ea69ce0",
                "sha256:d976835886f8c5b31d47970ed689944a0262b5f3afa00a5a7b4dc81e5449f8a2"
            ],
            "markers": "python_version >= '2.7' and python_version not in '3.0, 3.1, 3.2, 3.3'",
            "version": "==2.1.1"
        },
        "pylint": {
            "hashes": [
                "sha256:5d77031694a5fb97ea95e828c8d10fc770a1df6eb3906067aaed42201a8a6a09",
                "sha256:723e3db49555abaf9bf79dc474c6b9e2935ad82230b10c1138a71ea41ac0fff1"
            ],
            "index": "pypi",
            "version": "==2.3.1"
        },
        "typed-ast": {
            "hashes": [
                "sha256:0261195c2062caf107831e92a76764c81227dae162c4f75192c0d489faf751a2",
                "sha256:0fdbcf2fef0ca421a3f5912555804296f0b0960f0418c440f5d6d3abb549f3e1",
                "sha256:183afdf0ec5b1b211724dfef3d2cad2d767cbefac291f24d69b00546c1837fb6",
                "sha256:211260621ab1cd7324e0798d6be953d00b74e0428382991adfddb352252f1d62",
                "sha256:267e3f78697a6c00c689c03db4876dd1efdfea2f251a5ad6555e82a26847b4ac",
                "sha256:2efae9db7a8c05ad5547d522e7dbe62c83d838d3906a3716d1478b6c1d61388d",
                "sha256:370788a63915e82fd6f212865a596a0fefcbb7d408bbbb13dea723d971ed8bdc",
                "sha256:39e21ceb7388e4bb37f4c679d72707ed46c2fbf2a5609b8b8ebc4b067d977df2",
                "sha256:3e123d878ba170397916557d31c8f589951e353cc95fb7f24f6bb69adc1a8a97",
                "sha256:4879da6c9b73443f97e731b617184a596ac1235fe91f98d279a7af36c796da35",
                "sha256:4e964b4ff86550a7a7d56345c7864b18f403f5bd7380edf44a3c1fb4ee7ac6c6",
                "sha256:639c5f0b21776605dd6c9dbe592d5228f021404dafd377e2b7ac046b0349b1a1",
                "sha256:669dd0c4167f6f2cd9f57041e03c3c2ebf9063d0757dc89f79ba1daa2bfca9d4",
                "sha256:6778e1b2f81dfc7bc58e4b259363b83d2e509a65198e85d5700dfae4c6c8ff1c",
                "sha256:683407d92dc953c8a7347119596f0b0e6c55eb98ebebd9b23437501b28dcbb8e",
                "sha256:79b1e0869db7c830ba6a981d58711c88b6677506e648496b1f64ac7d15633aec",
                "sha256:7d5d014b7daa8b0bf2eaef684295acae12b036d79f54178b92a2b6a56f92278f",
                "sha256:98f80dee3c03455e92796b58b98ff6ca0b2a6f652120c263efdba4d6c5e58f72",
                "sha256:a94d55d142c9265f4ea46fab70977a1944ecae359ae867397757d836ea5a3f47",
                "sha256:a9916d2bb8865f973824fb47436fa45e1ebf2efd920f2b9f99342cb7fab93f72",
                "sha256:c542eeda69212fa10a7ada75e668876fdec5f856cd3d06829e6aa64ad17c8dfe",
                "sha256:cf4afcfac006ece570e32d6fa90ab74a17245b83dfd6655a6f68568098345ff6",
                "sha256:ebd9d7f80ccf7a82ac5f88c521115cc55d84e35bf8b446fcd7836eb6b98929a3",
                "sha256:ed855bbe3eb3715fca349c80174cfcfd699c2f9de574d40527b8429acae23a66"
            ],
            "markers": "python_version < '3.8' and implementation_name == 'cpython'",
            "version": "==1.5.4"
        },
        "typing-extensions": {
            "hashes": [
                "sha256:1511434bb92bf8dd198c12b1cc812e800d4181cfcb867674e0f8279cc93087aa",
                "sha256:16fa4864408f655d35ec496218b85f79b3437c829e93320c7c9215ccfd92489e"
            ],
            "markers": "python_version < '3.10'",
            "version": "==4.4.0"
        },
        "wrapt": {
            "hashes": [
                "sha256:00b6d4ea20a906c0ca56d84f93065b398ab74b927a7a3dbd470f6fc503f95dc3",
                "sha256:01c205616a89d09827986bc4e859bcabd64f5a0662a7fe95e0d359424e0e071b",
                "sha256:02b41b633c6261feff8ddd8d11c711df6842aba629fdd3da10249a53211a72c4",
                "sha256:07f7a7d0f388028b2df1d916e94bbb40624c59b48ecc6cbc232546706fac74c2",
                "sha256:11871514607b15cfeb87c547a49bca19fde402f32e2b1c24a632506c0a756656",
                "sha256:1b376b3f4896e7930f1f772ac4b064ac12598d1c38d04907e696cc4d794b43d3",
                "sha256:21ac0156c4b089b330b7666db40feee30a5d52634cc4560e1905d6529a3897ff",
                "sha256:257fd78c513e0fb5cdbe058c27a0624c9884e735bbd131935fd49e9fe719d310",
                "sha256:2b39d38039a1fdad98c87279b48bc5dce2c0ca0d73483b12cb72aa9609278e8a",
                "sha256:2cf71233a0ed05ccdabe209c606fe0bac7379fdcf687f39b944420d2a09fdb57",
                "sha256:2fe803deacd09a233e4762a1adcea5db5d31e6be577a43352936179d14d90069",
                "sha256:3232822c7d98d23895ccc443bbdf57c7412c5a65996c30442ebe6ed3df335383",
                "sha256:34aa51c45f28ba7f12accd624225e2b1e5a3a45206aa191f6f9aac931d9d56fe",
                "sha256:36f582d0c6bc99d5f39cd3ac2a9062e57f3cf606ade29a0a0d6b323462f4dd87",
                "sha256:380a85cf89e0e69b7cfbe2ea9f765f004ff419f34194018a6827ac0e3edfed4d",
                "sha256:40e7bc81c9e2b2734ea4bc1aceb8a8f0ceaac7c5299bc5d69e37c44d9081d43b",
                "sha256:43ca3bbbe97af00f49efb06e352eae40434ca9d915906f77def219b88e85d907",
                "sha256:4fcc4649dc762cddacd193e6b55bc02edca674067f5f98166d7713b193932b7f",
                "sha256:5a0f54ce2c092aaf439813735584b9537cad479575a09892b8352fea5e988dc0",
                "sha256:5a9a0d155deafd9448baff28c08e150d9b24ff010e899311ddd63c45c2445e28",
                "sha256:5b02d65b9ccf0ef6c34cba6cf5bf2aab1bb2f49c6090bafeecc9cd81ad4ea1c1",
                "sha256:60db23fa423575eeb65ea430cee741acb7c26a1365d103f7b0f6ec412b893853",
                "sha256:642c2e7a804fcf18c222e1060df25fc210b9c58db7c91416fb055897fc27e8cc",
                "sha256:6a9a25751acb379b466ff6be78a315e2b439d4c94c1e99cb7266d40a537995d3",
                "sha256:6b1a564e6cb69922c7fe3a678b9f9a3c54e72b469875aa8018f18b4d1dd1adf3",
                "sha256:6d323e1554b3d22cfc03cd3243b5bb815a51f5249fdcbb86fda4bf62bab9e164",
                "sha256:6e743de5e9c3d1b7185870f480587b75b1cb604832e380d64f9504a0535912d1",
                "sha256:709fe01086a55cf79d20f741f39325018f4df051ef39fe921b1ebe780a66184c",
                "sha256:7b7c050ae976e286906dd3f26009e117eb000fb2cf3533398c5ad9ccc86867b1",
                "sha256:7d2872609603cb35ca513d7404a94d6d608fc13211563571117046c9d2bcc3d7",
                "sha256:7ef58fb89674095bfc57c4069e95d7a31cfdc0939e2a579882ac7d55aadfd2a1",
                "sha256:80bb5c256f1415f747011dc3604b59bc1f91c6e7150bd7db03b19170ee06b320",
                "sha256:81b19725065dcb43df02b37e03278c011a09e49757287dca60c5aecdd5a0b8ed",
                "sha256:833b58d5d0b7e5b9832869f039203389ac7cbf01765639c7309fd50ef619e0b1",
                "sha256:88bd7b6bd70a5b6803c1abf6bca012f7ed963e58c68d76ee20b9d751c74a3248",
                "sha256:8ad85f7f4e20964db4daadcab70b47ab05c7c1cf2a7c1e51087bfaa83831854c",
                "sha256:8c0ce1e99116d5ab21355d8ebe53d9460366704ea38ae4d9f6933188f327b456",
                "sha256:8d649d616e5c6a678b26d15ece345354f7c2286acd6db868e65fcc5ff7c24a77",
                "sha256:903500616422a40a98a5a3c4ff4ed9d0066f3b4c951fa286018ecdf0750194ef",
                "sha256:9736af4641846491aedb3c3f56b9bc5568d92b0692303b5a305301a95dfd38b1",
                "sha256:988635d122aaf2bdcef9e795435662bcd65b02f4f4c1ae37fbee7401c440b3a7",
                "sha256:9cca3c2cdadb362116235fdbd411735de4328c61425b0aa9f872fd76d02c4e86",
                "sha256:9e0fd32e0148dd5dea6af5fee42beb949098564cc23211a88d799e434255a1f4",
                "sha256:9f3e6f9e05148ff90002b884fbc2a86bd303ae847e472f44ecc06c2cd2fcdb2d",
                "sha256:a85d2b46be66a71bedde836d9e41859879cc54a2a04fad1191eb50c2066f6e9d",
                "sha256:a9a52172be0b5aae932bef82a79ec0a0ce87288c7d132946d645eba03f0ad8a8",
                "sha256:aa31fdcc33fef9eb2552cbcbfee7773d5a6792c137b359e82879c101e98584c5",
                "sha256:b014c23646a467558be7da3d6b9fa409b2c567d2110599b7cf9a0c5992b3b471",
                "sha256:b21bb4c09ffabfa0e85e3a6b623e19b80e7acd709b9f91452b8297ace2a8ab00",
                "sha256:b5901a312f4d14c59918c221323068fad0540e34324925c8475263841dbdfe68",
                "sha256:b9b7a708dd92306328117d8c4b62e2194d00c365f18eff11a9b53c6f923b01e3",
                "sha256:d1967f46ea8f2db647c786e78d8cc7e4313dbd1b0aca360592d8027b8508e24d",
                "sha256:d52a25136894c63de15a35bc0bdc5adb4b0e173b9c0d07a2be9d3ca64a332735",
                "sha256:d77c85fedff92cf788face9bfa3ebaa364448ebb1d765302e9af11bf449ca36d",
                "sha256:d79d7d5dc8a32b7093e81e97dad755127ff77bcc899e845f41bf71747af0c569",
                "sha256:dbcda74c67263139358f4d188ae5faae95c30929281bc6866d00573783c422b7",
                "sha256:ddaea91abf8b0d13443f6dac52e89051a5063c7d014710dcb4d4abb2ff811a59",
                "sha256:dee0ce50c6a2dd9056c20db781e9c1cfd33e77d2d569f5d1d9321c641bb903d5",
                "sha256:dee60e1de1898bde3b238f18340eec6148986da0455d8ba7848d50470a7a32fb",
                "sha256:e2f83e18fe2f4c9e7db597e988f72712c0c3676d337d8b101f6758107c42425b",
                "sha256:e3fb1677c720409d5f671e39bac6c9e0e422584e5f518bfd50aa4cbbea02433f",
                "sha256:ee2b1b1769f6707a8a445162ea16dddf74285c3964f605877a20e38545c3c462",
                "sha256:ee6acae74a2b91865910eef5e7de37dc6895ad96fa23603d1d27ea69df545015",
                "sha256:ef3f72c9666bba2bab70d2a8b79f2c6d2c1a42a7f7e2b0ec83bb2f9e383950af"
            ],
            "markers": "python_version < '3.11'",
            "version": "==1.14.1"
        }
    }
}
